// !$*UTF8*$!
{
	archiveVersion = 1;
	classes = {
	};
	objectVersion = 51;
	objects = {

/* Begin PBXBuildFile section */
		54E909FEFCCE431A2DFF7A4E /* Pods_CarStat.framework in Frameworks */ = {isa = PBXBuildFile; fileRef = EAB9A309A496810F12E07005 /* Pods_CarStat.framework */; };
		5B2AE63A2833AE010043249E /* ServicesViewController.swift in Sources */ = {isa = PBXBuildFile; fileRef = 5B2AE6392833AE010043249E /* ServicesViewController.swift */; };
		5B2AE63C2833AE0B0043249E /* ServicesViewModel.swift in Sources */ = {isa = PBXBuildFile; fileRef = 5B2AE63B2833AE0B0043249E /* ServicesViewModel.swift */; };
		5B2AE63E28343F480043249E /* Images.swift in Sources */ = {isa = PBXBuildFile; fileRef = 5B2AE63D28343F480043249E /* Images.swift */; };
		5B2AE647283632030043249E /* Router.swift in Sources */ = {isa = PBXBuildFile; fileRef = 5B2AE646283632030043249E /* Router.swift */; };
		5B2AE6D2283CDB2B0043249E /* CSDateSwitcher.swift in Sources */ = {isa = PBXBuildFile; fileRef = 5B2AE6D1283CDB2B0043249E /* CSDateSwitcher.swift */; };
		5B51EFC327A5462200CB42F5 /* HomeViewController.swift in Sources */ = {isa = PBXBuildFile; fileRef = 5B51EFC227A5462200CB42F5 /* HomeViewController.swift */; };
		5B51EFC627A5465D00CB42F5 /* HomeViewModel.swift in Sources */ = {isa = PBXBuildFile; fileRef = 5B51EFC527A5465D00CB42F5 /* HomeViewModel.swift */; };
		5B66F8AE2849FEFE009D987D /* BarCodeScannerViewController.swift in Sources */ = {isa = PBXBuildFile; fileRef = 5B66F8AD2849FEFE009D987D /* BarCodeScannerViewController.swift */; };
		5B66F8B02849FF17009D987D /* BarCodeScannerViewModel.swift in Sources */ = {isa = PBXBuildFile; fileRef = 5B66F8AF2849FF17009D987D /* BarCodeScannerViewModel.swift */; };
		5B66F8B2284A065E009D987D /* CSPopUpViewController.swift in Sources */ = {isa = PBXBuildFile; fileRef = 5B66F8B1284A065E009D987D /* CSPopUpViewController.swift */; };
		5B66F8B7284A1848009D987D /* AlertManager.swift in Sources */ = {isa = PBXBuildFile; fileRef = 5B66F8B6284A1848009D987D /* AlertManager.swift */; };
		5B7559652715AD0C000BCA55 /* CSChartCell.swift in Sources */ = {isa = PBXBuildFile; fileRef = 5B7559642715AD0C000BCA55 /* CSChartCell.swift */; };
		5B89FC19282E425800D42378 /* RefuelingCell.swift in Sources */ = {isa = PBXBuildFile; fileRef = 5B89FC18282E425800D42378 /* RefuelingCell.swift */; };
		5B89FC1B282E4DC800D42378 /* MileageCell.swift in Sources */ = {isa = PBXBuildFile; fileRef = 5B89FC1A282E4DC800D42378 /* MileageCell.swift */; };
		5B89FC2228323A1E00D42378 /* UIView + Extensions.swift in Sources */ = {isa = PBXBuildFile; fileRef = 5B89FC2128323A1E00D42378 /* UIView + Extensions.swift */; };
		5B89FC242832526C00D42378 /* Colors.swift in Sources */ = {isa = PBXBuildFile; fileRef = 5B89FC232832526C00D42378 /* Colors.swift */; };
		5BABCB582770AFAB00139A31 /* Pods_CarStat.framework in Frameworks */ = {isa = PBXBuildFile; fileRef = 5BABCB572770AFAB00139A31 /* Pods_CarStat.framework */; };
		5BBE23D826EF9FDA00028774 /* AppDelegate.swift in Sources */ = {isa = PBXBuildFile; fileRef = 5BBE23D726EF9FDA00028774 /* AppDelegate.swift */; };
		5BBE23E126EF9FDF00028774 /* Assets.xcassets in Resources */ = {isa = PBXBuildFile; fileRef = 5BBE23E026EF9FDF00028774 /* Assets.xcassets */; };
		5BBE23E426EF9FDF00028774 /* LaunchScreen.storyboard in Resources */ = {isa = PBXBuildFile; fileRef = 5BBE23E226EF9FDF00028774 /* LaunchScreen.storyboard */; };
		5BBE23ED26EFA50900028774 /* CSCollectionView.swift in Sources */ = {isa = PBXBuildFile; fileRef = 5BBE23EC26EFA50900028774 /* CSCollectionView.swift */; };
		5BBE23F226EFA88900028774 /* RefuelingViewController.swift in Sources */ = {isa = PBXBuildFile; fileRef = 5BBE23F126EFA88900028774 /* RefuelingViewController.swift */; };
		5BBE23F726F0CD1600028774 /* StorageManager.swift in Sources */ = {isa = PBXBuildFile; fileRef = 5BBE23F626F0CD1600028774 /* StorageManager.swift */; };
		5BBE240526F0DBED00028774 /* RefuelingViewModel.swift in Sources */ = {isa = PBXBuildFile; fileRef = 5BBE240426F0DBED00028774 /* RefuelingViewModel.swift */; };
		5BCB033A28328E810055E9F3 /* String + Extension.swift in Sources */ = {isa = PBXBuildFile; fileRef = 5BCB033928328E810055E9F3 /* String + Extension.swift */; };
		5BD0CA8B26F46FE100433D06 /* RefuelingInfoCell.swift in Sources */ = {isa = PBXBuildFile; fileRef = 5BD0CA8A26F46FE100433D06 /* RefuelingInfoCell.swift */; };
		5BD0CA8D26F4702800433D06 /* CSCollectionViewCell.swift in Sources */ = {isa = PBXBuildFile; fileRef = 5BD0CA8C26F4702800433D06 /* CSCollectionViewCell.swift */; };
		5BD0CA9126F473F200433D06 /* UICollectionView + Extention.swift in Sources */ = {isa = PBXBuildFile; fileRef = 5BD0CA9026F473F200433D06 /* UICollectionView + Extention.swift */; };
		5BD0CA9526F4820100433D06 /* CSButtonCell.swift in Sources */ = {isa = PBXBuildFile; fileRef = 5BD0CA9426F4820100433D06 /* CSButtonCell.swift */; };
		5BDD225C271DB3E500C8D413 /* CSTabBarController.swift in Sources */ = {isa = PBXBuildFile; fileRef = 5BDD225B271DB3E500C8D413 /* CSTabBarController.swift */; };
		5BDF42CE26F87CF0001CE585 /* Mileage.swift in Sources */ = {isa = PBXBuildFile; fileRef = 5BDF42CD26F87CF0001CE585 /* Mileage.swift */; };
		5BDF42D026F87D77001CE585 /* UserMileage.swift in Sources */ = {isa = PBXBuildFile; fileRef = 5BDF42CF26F87D77001CE585 /* UserMileage.swift */; };
		5BDF42D326F8838C001CE585 /* AddMileageViewController.swift in Sources */ = {isa = PBXBuildFile; fileRef = 5BDF42D226F8838C001CE585 /* AddMileageViewController.swift */; };
		5BDF42D626F883BD001CE585 /* AddMileageViewModel.swift in Sources */ = {isa = PBXBuildFile; fileRef = 5BDF42D526F883BD001CE585 /* AddMileageViewModel.swift */; };
		5BDF42D826F8A83C001CE585 /* CSTextCell.swift in Sources */ = {isa = PBXBuildFile; fileRef = 5BDF42D726F8A83C001CE585 /* CSTextCell.swift */; };
		5BDF42DA26F8BBC5001CE585 /* CSInputCell.swift in Sources */ = {isa = PBXBuildFile; fileRef = 5BDF42D926F8BBC5001CE585 /* CSInputCell.swift */; };
		5BDF42DC26F8C27B001CE585 /* CSDateInputCell.swift in Sources */ = {isa = PBXBuildFile; fileRef = 5BDF42DB26F8C27B001CE585 /* CSDateInputCell.swift */; };
		5BF574E1281834F5001F7B4A /* CSViewController.swift in Sources */ = {isa = PBXBuildFile; fileRef = 5BF574E0281834F5001F7B4A /* CSViewController.swift */; };
		5BF574E328183556001F7B4A /* CSNavigationBar.swift in Sources */ = {isa = PBXBuildFile; fileRef = 5BF574E228183556001F7B4A /* CSNavigationBar.swift */; };
		5BF574E5281837F5001F7B4A /* Constants.swift in Sources */ = {isa = PBXBuildFile; fileRef = 5BF574E4281837F5001F7B4A /* Constants.swift */; };
		5BF574E7281839BE001F7B4A /* UILabel + Extensions.swift in Sources */ = {isa = PBXBuildFile; fileRef = 5BF574E6281839BE001F7B4A /* UILabel + Extensions.swift */; };
		5BF574E928183D12001F7B4A /* CSEmptyCell.swift in Sources */ = {isa = PBXBuildFile; fileRef = 5BF574E828183D12001F7B4A /* CSEmptyCell.swift */; };
		5BF574EB28183E29001F7B4A /* CSImageCell.swift in Sources */ = {isa = PBXBuildFile; fileRef = 5BF574EA28183E29001F7B4A /* CSImageCell.swift */; };
		5BF574F3281AB55B001F7B4A /* Date + Extention.swift in Sources */ = {isa = PBXBuildFile; fileRef = 5BF574F2281AB55B001F7B4A /* Date + Extention.swift */; };
		5BF574F5281AB606001F7B4A /* Formatters.swift in Sources */ = {isa = PBXBuildFile; fileRef = 5BF574F4281AB606001F7B4A /* Formatters.swift */; };
/* End PBXBuildFile section */

/* Begin PBXFileReference section */
		36D06C7FD74003A403650685 /* Pods-CarStat.release.xcconfig */ = {isa = PBXFileReference; includeInIndex = 1; lastKnownFileType = text.xcconfig; name = "Pods-CarStat.release.xcconfig"; path = "Target Support Files/Pods-CarStat/Pods-CarStat.release.xcconfig"; sourceTree = "<group>"; };
		5B2AE6392833AE010043249E /* ServicesViewController.swift */ = {isa = PBXFileReference; lastKnownFileType = sourcecode.swift; path = ServicesViewController.swift; sourceTree = "<group>"; };
		5B2AE63B2833AE0B0043249E /* ServicesViewModel.swift */ = {isa = PBXFileReference; lastKnownFileType = sourcecode.swift; path = ServicesViewModel.swift; sourceTree = "<group>"; };
		5B2AE63D28343F480043249E /* Images.swift */ = {isa = PBXFileReference; lastKnownFileType = sourcecode.swift; path = Images.swift; sourceTree = "<group>"; };
		5B2AE646283632030043249E /* Router.swift */ = {isa = PBXFileReference; lastKnownFileType = sourcecode.swift; path = Router.swift; sourceTree = "<group>"; };
		5B2AE6D1283CDB2B0043249E /* CSDateSwitcher.swift */ = {isa = PBXFileReference; lastKnownFileType = sourcecode.swift; path = CSDateSwitcher.swift; sourceTree = "<group>"; };
		5B51EFC227A5462200CB42F5 /* HomeViewController.swift */ = {isa = PBXFileReference; lastKnownFileType = sourcecode.swift; path = HomeViewController.swift; sourceTree = "<group>"; };
		5B51EFC527A5465D00CB42F5 /* HomeViewModel.swift */ = {isa = PBXFileReference; lastKnownFileType = sourcecode.swift; path = HomeViewModel.swift; sourceTree = "<group>"; };
		5B66F8AD2849FEFE009D987D /* BarCodeScannerViewController.swift */ = {isa = PBXFileReference; lastKnownFileType = sourcecode.swift; path = BarCodeScannerViewController.swift; sourceTree = "<group>"; };
		5B66F8AF2849FF17009D987D /* BarCodeScannerViewModel.swift */ = {isa = PBXFileReference; lastKnownFileType = sourcecode.swift; path = BarCodeScannerViewModel.swift; sourceTree = "<group>"; };
		5B66F8B1284A065E009D987D /* CSPopUpViewController.swift */ = {isa = PBXFileReference; lastKnownFileType = sourcecode.swift; path = CSPopUpViewController.swift; sourceTree = "<group>"; };
		5B66F8B6284A1848009D987D /* AlertManager.swift */ = {isa = PBXFileReference; lastKnownFileType = sourcecode.swift; path = AlertManager.swift; sourceTree = "<group>"; };
		5B7559642715AD0C000BCA55 /* CSChartCell.swift */ = {isa = PBXFileReference; lastKnownFileType = sourcecode.swift; path = CSChartCell.swift; sourceTree = "<group>"; };
		5B89FC18282E425800D42378 /* RefuelingCell.swift */ = {isa = PBXFileReference; lastKnownFileType = sourcecode.swift; path = RefuelingCell.swift; sourceTree = "<group>"; };
		5B89FC1A282E4DC800D42378 /* MileageCell.swift */ = {isa = PBXFileReference; lastKnownFileType = sourcecode.swift; path = MileageCell.swift; sourceTree = "<group>"; };
		5B89FC2128323A1E00D42378 /* UIView + Extensions.swift */ = {isa = PBXFileReference; lastKnownFileType = sourcecode.swift; path = "UIView + Extensions.swift"; sourceTree = "<group>"; };
		5B89FC232832526C00D42378 /* Colors.swift */ = {isa = PBXFileReference; lastKnownFileType = sourcecode.swift; path = Colors.swift; sourceTree = "<group>"; };
		5BABCB572770AFAB00139A31 /* Pods_CarStat.framework */ = {isa = PBXFileReference; explicitFileType = wrapper.framework; path = Pods_CarStat.framework; sourceTree = BUILT_PRODUCTS_DIR; };
		5BBE23D426EF9FDA00028774 /* CarStat.app */ = {isa = PBXFileReference; explicitFileType = wrapper.application; includeInIndex = 0; path = CarStat.app; sourceTree = BUILT_PRODUCTS_DIR; };
		5BBE23D726EF9FDA00028774 /* AppDelegate.swift */ = {isa = PBXFileReference; lastKnownFileType = sourcecode.swift; path = AppDelegate.swift; sourceTree = "<group>"; };
		5BBE23E026EF9FDF00028774 /* Assets.xcassets */ = {isa = PBXFileReference; lastKnownFileType = folder.assetcatalog; path = Assets.xcassets; sourceTree = "<group>"; };
		5BBE23E326EF9FDF00028774 /* Base */ = {isa = PBXFileReference; lastKnownFileType = file.storyboard; name = Base; path = Base.lproj/LaunchScreen.storyboard; sourceTree = "<group>"; };
		5BBE23E526EF9FDF00028774 /* Info.plist */ = {isa = PBXFileReference; lastKnownFileType = text.plist.xml; path = Info.plist; sourceTree = "<group>"; };
		5BBE23EC26EFA50900028774 /* CSCollectionView.swift */ = {isa = PBXFileReference; lastKnownFileType = sourcecode.swift; path = CSCollectionView.swift; sourceTree = "<group>"; };
		5BBE23F126EFA88900028774 /* RefuelingViewController.swift */ = {isa = PBXFileReference; lastKnownFileType = sourcecode.swift; path = RefuelingViewController.swift; sourceTree = "<group>"; };
		5BBE23F626F0CD1600028774 /* StorageManager.swift */ = {isa = PBXFileReference; lastKnownFileType = sourcecode.swift; path = StorageManager.swift; sourceTree = "<group>"; };
		5BBE240426F0DBED00028774 /* RefuelingViewModel.swift */ = {isa = PBXFileReference; lastKnownFileType = sourcecode.swift; path = RefuelingViewModel.swift; sourceTree = "<group>"; };
		5BCB033928328E810055E9F3 /* String + Extension.swift */ = {isa = PBXFileReference; lastKnownFileType = sourcecode.swift; path = "String + Extension.swift"; sourceTree = "<group>"; };
		5BD0CA8A26F46FE100433D06 /* RefuelingInfoCell.swift */ = {isa = PBXFileReference; lastKnownFileType = sourcecode.swift; path = RefuelingInfoCell.swift; sourceTree = "<group>"; };
		5BD0CA8C26F4702800433D06 /* CSCollectionViewCell.swift */ = {isa = PBXFileReference; lastKnownFileType = sourcecode.swift; path = CSCollectionViewCell.swift; sourceTree = "<group>"; };
		5BD0CA9026F473F200433D06 /* UICollectionView + Extention.swift */ = {isa = PBXFileReference; lastKnownFileType = sourcecode.swift; path = "UICollectionView + Extention.swift"; sourceTree = "<group>"; };
		5BD0CA9426F4820100433D06 /* CSButtonCell.swift */ = {isa = PBXFileReference; lastKnownFileType = sourcecode.swift; path = CSButtonCell.swift; sourceTree = "<group>"; };
		5BDD225B271DB3E500C8D413 /* CSTabBarController.swift */ = {isa = PBXFileReference; lastKnownFileType = sourcecode.swift; path = CSTabBarController.swift; sourceTree = "<group>"; };
		5BDF42CD26F87CF0001CE585 /* Mileage.swift */ = {isa = PBXFileReference; lastKnownFileType = sourcecode.swift; path = Mileage.swift; sourceTree = "<group>"; };
		5BDF42CF26F87D77001CE585 /* UserMileage.swift */ = {isa = PBXFileReference; lastKnownFileType = sourcecode.swift; path = UserMileage.swift; sourceTree = "<group>"; };
		5BDF42D226F8838C001CE585 /* AddMileageViewController.swift */ = {isa = PBXFileReference; lastKnownFileType = sourcecode.swift; path = AddMileageViewController.swift; sourceTree = "<group>"; };
		5BDF42D526F883BD001CE585 /* AddMileageViewModel.swift */ = {isa = PBXFileReference; lastKnownFileType = sourcecode.swift; path = AddMileageViewModel.swift; sourceTree = "<group>"; };
		5BDF42D726F8A83C001CE585 /* CSTextCell.swift */ = {isa = PBXFileReference; lastKnownFileType = sourcecode.swift; path = CSTextCell.swift; sourceTree = "<group>"; };
		5BDF42D926F8BBC5001CE585 /* CSInputCell.swift */ = {isa = PBXFileReference; lastKnownFileType = sourcecode.swift; path = CSInputCell.swift; sourceTree = "<group>"; };
		5BDF42DB26F8C27B001CE585 /* CSDateInputCell.swift */ = {isa = PBXFileReference; lastKnownFileType = sourcecode.swift; path = CSDateInputCell.swift; sourceTree = "<group>"; };
		5BF574E0281834F5001F7B4A /* CSViewController.swift */ = {isa = PBXFileReference; lastKnownFileType = sourcecode.swift; path = CSViewController.swift; sourceTree = "<group>"; };
		5BF574E228183556001F7B4A /* CSNavigationBar.swift */ = {isa = PBXFileReference; lastKnownFileType = sourcecode.swift; path = CSNavigationBar.swift; sourceTree = "<group>"; };
		5BF574E4281837F5001F7B4A /* Constants.swift */ = {isa = PBXFileReference; lastKnownFileType = sourcecode.swift; path = Constants.swift; sourceTree = "<group>"; };
		5BF574E6281839BE001F7B4A /* UILabel + Extensions.swift */ = {isa = PBXFileReference; lastKnownFileType = sourcecode.swift; path = "UILabel + Extensions.swift"; sourceTree = "<group>"; };
		5BF574E828183D12001F7B4A /* CSEmptyCell.swift */ = {isa = PBXFileReference; lastKnownFileType = sourcecode.swift; path = CSEmptyCell.swift; sourceTree = "<group>"; };
		5BF574EA28183E29001F7B4A /* CSImageCell.swift */ = {isa = PBXFileReference; lastKnownFileType = sourcecode.swift; path = CSImageCell.swift; sourceTree = "<group>"; };
		5BF574F2281AB55B001F7B4A /* Date + Extention.swift */ = {isa = PBXFileReference; lastKnownFileType = sourcecode.swift; path = "Date + Extention.swift"; sourceTree = "<group>"; };
		5BF574F4281AB606001F7B4A /* Formatters.swift */ = {isa = PBXFileReference; lastKnownFileType = sourcecode.swift; path = Formatters.swift; sourceTree = "<group>"; };
		EAB9A309A496810F12E07005 /* Pods_CarStat.framework */ = {isa = PBXFileReference; explicitFileType = wrapper.framework; includeInIndex = 0; path = Pods_CarStat.framework; sourceTree = BUILT_PRODUCTS_DIR; };
		F64ECE125FCF3FA582240B43 /* Pods-CarStat.debug.xcconfig */ = {isa = PBXFileReference; includeInIndex = 1; lastKnownFileType = text.xcconfig; name = "Pods-CarStat.debug.xcconfig"; path = "Target Support Files/Pods-CarStat/Pods-CarStat.debug.xcconfig"; sourceTree = "<group>"; };
/* End PBXFileReference section */

/* Begin PBXFrameworksBuildPhase section */
		5BBE23D126EF9FDA00028774 /* Frameworks */ = {
			isa = PBXFrameworksBuildPhase;
			buildActionMask = 2147483647;
			files = (
				54E909FEFCCE431A2DFF7A4E /* Pods_CarStat.framework in Frameworks */,
				5BABCB582770AFAB00139A31 /* Pods_CarStat.framework in Frameworks */,
			);
			runOnlyForDeploymentPostprocessing = 0;
		};
/* End PBXFrameworksBuildPhase section */

/* Begin PBXGroup section */
		5B2AE6372833ADD50043249E /* Services */ = {
			isa = PBXGroup;
			children = (
				5B2AE6382833ADED0043249E /* ViewModel */,
				5B2AE6392833AE010043249E /* ServicesViewController.swift */,
			);
			path = Services;
			sourceTree = "<group>";
		};
		5B2AE6382833ADED0043249E /* ViewModel */ = {
			isa = PBXGroup;
			children = (
				5B2AE63B2833AE0B0043249E /* ServicesViewModel.swift */,
			);
			path = ViewModel;
			sourceTree = "<group>";
		};
		5B2AE645283631F70043249E /* Router */ = {
			isa = PBXGroup;
			children = (
				5B2AE646283632030043249E /* Router.swift */,
			);
			path = Router;
			sourceTree = "<group>";
		};
		5B51EFC127A545F000CB42F5 /* Home */ = {
			isa = PBXGroup;
			children = (
				5BF574DE2818342C001F7B4A /* Cells */,
				5B51EFC427A5464900CB42F5 /* ViewModel */,
				5B51EFC227A5462200CB42F5 /* HomeViewController.swift */,
			);
			path = Home;
			sourceTree = "<group>";
		};
		5B51EFC427A5464900CB42F5 /* ViewModel */ = {
			isa = PBXGroup;
			children = (
				5B51EFC527A5465D00CB42F5 /* HomeViewModel.swift */,
			);
			path = ViewModel;
			sourceTree = "<group>";
		};
		5B66F8AB2849FE9E009D987D /* BarCodeScanner */ = {
			isa = PBXGroup;
			children = (
				5B66F8AC2849FED2009D987D /* ViewModel */,
				5B66F8AD2849FEFE009D987D /* BarCodeScannerViewController.swift */,
			);
			path = BarCodeScanner;
			sourceTree = "<group>";
		};
		5B66F8AC2849FED2009D987D /* ViewModel */ = {
			isa = PBXGroup;
			children = (
				5B66F8AF2849FF17009D987D /* BarCodeScannerViewModel.swift */,
			);
			path = ViewModel;
			sourceTree = "<group>";
		};
		5B66F8B5284A1830009D987D /* AlertManager */ = {
			isa = PBXGroup;
			children = (
				5B66F8B6284A1848009D987D /* AlertManager.swift */,
			);
			path = AlertManager;
			sourceTree = "<group>";
		};
		5BBE23CB26EF9FDA00028774 = {
			isa = PBXGroup;
			children = (
				5BBE23D626EF9FDA00028774 /* CarStat */,
				5BBE23D526EF9FDA00028774 /* Products */,
				673C2CD7F0E5ECA4AD536E04 /* Pods */,
				86CFC7A4E51D0E2058864FA4 /* Frameworks */,
			);
			sourceTree = "<group>";
		};
		5BBE23D526EF9FDA00028774 /* Products */ = {
			isa = PBXGroup;
			children = (
				5BBE23D426EF9FDA00028774 /* CarStat.app */,
			);
			name = Products;
			sourceTree = "<group>";
		};
		5BBE23D626EF9FDA00028774 /* CarStat */ = {
			isa = PBXGroup;
			children = (
				5BBE23EE26EFA54500028774 /* Supporting Files */,
				5BD0CA8E26F473C700433D06 /* Helpers */,
				5BBE23F526F0CCA300028774 /* Services */,
				5BDF42CC26F87CE0001CE585 /* Models */,
				5BD0CA9226F481CD00433D06 /* Views */,
				5BBE23EB26EFA43C00028774 /* Controllers */,
				5BBE23EF26EFA56A00028774 /* App */,
			);
			path = CarStat;
			sourceTree = "<group>";
		};
		5BBE23EB26EFA43C00028774 /* Controllers */ = {
			isa = PBXGroup;
			children = (
				5B51EFC127A545F000CB42F5 /* Home */,
				5BBE23F026EFA86B00028774 /* Refueling */,
				5B66F8AB2849FE9E009D987D /* BarCodeScanner */,
				5B2AE6372833ADD50043249E /* Services */,
				5BDF42D126F88363001CE585 /* AddMileage */,
				5BDD225B271DB3E500C8D413 /* CSTabBarController.swift */,
				5BF574E228183556001F7B4A /* CSNavigationBar.swift */,
				5BF574E0281834F5001F7B4A /* CSViewController.swift */,
				5B66F8B1284A065E009D987D /* CSPopUpViewController.swift */,
			);
			path = Controllers;
			sourceTree = "<group>";
		};
		5BBE23EE26EFA54500028774 /* Supporting Files */ = {
			isa = PBXGroup;
			children = (
				5BBE23E026EF9FDF00028774 /* Assets.xcassets */,
				5BBE23E226EF9FDF00028774 /* LaunchScreen.storyboard */,
				5BBE23E526EF9FDF00028774 /* Info.plist */,
			);
			path = "Supporting Files";
			sourceTree = "<group>";
		};
		5BBE23EF26EFA56A00028774 /* App */ = {
			isa = PBXGroup;
			children = (
				5BBE23D726EF9FDA00028774 /* AppDelegate.swift */,
			);
			path = App;
			sourceTree = "<group>";
		};
		5BBE23F026EFA86B00028774 /* Refueling */ = {
			isa = PBXGroup;
			children = (
				5BD0CA8926F46F0100433D06 /* Cell */,
				5BBE240326F0DBD500028774 /* ViewModel */,
				5BBE23F126EFA88900028774 /* RefuelingViewController.swift */,
			);
			path = Refueling;
			sourceTree = "<group>";
		};
		5BBE23F526F0CCA300028774 /* Services */ = {
			isa = PBXGroup;
			children = (
				5B66F8B5284A1830009D987D /* AlertManager */,
				5B2AE645283631F70043249E /* Router */,
				5BF574FC281AF2AE001F7B4A /* StorageManager */,
			);
			path = Services;
			sourceTree = "<group>";
		};
		5BBE23F826F0CDF400028774 /* Model */ = {
			isa = PBXGroup;
			children = (
				5BDF42CF26F87D77001CE585 /* UserMileage.swift */,
			);
			path = Model;
			sourceTree = "<group>";
		};
		5BBE240326F0DBD500028774 /* ViewModel */ = {
			isa = PBXGroup;
			children = (
				5BBE240426F0DBED00028774 /* RefuelingViewModel.swift */,
			);
			path = ViewModel;
			sourceTree = "<group>";
		};
		5BD0CA8926F46F0100433D06 /* Cell */ = {
			isa = PBXGroup;
			children = (
				5BD0CA8A26F46FE100433D06 /* RefuelingInfoCell.swift */,
			);
			path = Cell;
			sourceTree = "<group>";
		};
		5BD0CA8E26F473C700433D06 /* Helpers */ = {
			isa = PBXGroup;
			children = (
				5BD0CA8F26F473D000433D06 /* Extentions */,
				5BF574E4281837F5001F7B4A /* Constants.swift */,
				5B2AE63D28343F480043249E /* Images.swift */,
				5B89FC232832526C00D42378 /* Colors.swift */,
				5BF574F4281AB606001F7B4A /* Formatters.swift */,
			);
			path = Helpers;
			sourceTree = "<group>";
		};
		5BD0CA8F26F473D000433D06 /* Extentions */ = {
			isa = PBXGroup;
			children = (
				5BD0CA9026F473F200433D06 /* UICollectionView + Extention.swift */,
				5BF574E6281839BE001F7B4A /* UILabel + Extensions.swift */,
				5BF574F2281AB55B001F7B4A /* Date + Extention.swift */,
				5B89FC2128323A1E00D42378 /* UIView + Extensions.swift */,
				5BCB033928328E810055E9F3 /* String + Extension.swift */,
			);
			path = Extentions;
			sourceTree = "<group>";
		};
		5BD0CA9226F481CD00433D06 /* Views */ = {
			isa = PBXGroup;
			children = (
				5BBE23EC26EFA50900028774 /* CSCollectionView.swift */,
				5B2AE6D1283CDB2B0043249E /* CSDateSwitcher.swift */,
				5BD0CA9326F481D900433D06 /* Cells */,
			);
			path = Views;
			sourceTree = "<group>";
		};
		5BD0CA9326F481D900433D06 /* Cells */ = {
			isa = PBXGroup;
			children = (
				5BD0CA8C26F4702800433D06 /* CSCollectionViewCell.swift */,
				5BD0CA9426F4820100433D06 /* CSButtonCell.swift */,
				5BDF42D726F8A83C001CE585 /* CSTextCell.swift */,
				5BDF42D926F8BBC5001CE585 /* CSInputCell.swift */,
				5BDF42DB26F8C27B001CE585 /* CSDateInputCell.swift */,
				5B7559642715AD0C000BCA55 /* CSChartCell.swift */,
				5BF574E828183D12001F7B4A /* CSEmptyCell.swift */,
				5BF574EA28183E29001F7B4A /* CSImageCell.swift */,
			);
			path = Cells;
			sourceTree = "<group>";
		};
		5BDF42CC26F87CE0001CE585 /* Models */ = {
			isa = PBXGroup;
			children = (
				5BDF42CD26F87CF0001CE585 /* Mileage.swift */,
			);
			path = Models;
			sourceTree = "<group>";
		};
		5BDF42D126F88363001CE585 /* AddMileage */ = {
			isa = PBXGroup;
			children = (
				5BDF42D426F883AE001CE585 /* ViewModel */,
				5BDF42D226F8838C001CE585 /* AddMileageViewController.swift */,
			);
			path = AddMileage;
			sourceTree = "<group>";
		};
		5BDF42D426F883AE001CE585 /* ViewModel */ = {
			isa = PBXGroup;
			children = (
				5BDF42D526F883BD001CE585 /* AddMileageViewModel.swift */,
			);
			path = ViewModel;
			sourceTree = "<group>";
		};
		5BF574DE2818342C001F7B4A /* Cells */ = {
			isa = PBXGroup;
			children = (
				5B89FC18282E425800D42378 /* RefuelingCell.swift */,
				5B89FC1A282E4DC800D42378 /* MileageCell.swift */,
			);
			path = Cells;
			sourceTree = "<group>";
		};
		5BF574FC281AF2AE001F7B4A /* StorageManager */ = {
			isa = PBXGroup;
			children = (
				5BBE23F826F0CDF400028774 /* Model */,
				5BBE23F626F0CD1600028774 /* StorageManager.swift */,
			);
			path = StorageManager;
			sourceTree = "<group>";
		};
		673C2CD7F0E5ECA4AD536E04 /* Pods */ = {
			isa = PBXGroup;
			children = (
				F64ECE125FCF3FA582240B43 /* Pods-CarStat.debug.xcconfig */,
				36D06C7FD74003A403650685 /* Pods-CarStat.release.xcconfig */,
			);
			path = Pods;
			sourceTree = "<group>";
		};
		86CFC7A4E51D0E2058864FA4 /* Frameworks */ = {
			isa = PBXGroup;
			children = (
				5BABCB572770AFAB00139A31 /* Pods_CarStat.framework */,
				EAB9A309A496810F12E07005 /* Pods_CarStat.framework */,
			);
			name = Frameworks;
			sourceTree = "<group>";
		};
/* End PBXGroup section */

/* Begin PBXNativeTarget section */
		5BBE23D326EF9FDA00028774 /* CarStat */ = {
			isa = PBXNativeTarget;
			buildConfigurationList = 5BBE23E826EF9FDF00028774 /* Build configuration list for PBXNativeTarget "CarStat" */;
			buildPhases = (
				27B7398625C733D145AC072C /* [CP] Check Pods Manifest.lock */,
				5BBE23D026EF9FDA00028774 /* Sources */,
				5BBE23D126EF9FDA00028774 /* Frameworks */,
				5BBE23D226EF9FDA00028774 /* Resources */,
				66DCECE91EE5AE637FA3B8D7 /* [CP] Embed Pods Frameworks */,
			);
			buildRules = (
			);
			dependencies = (
			);
			name = CarStat;
			packageProductDependencies = (
			);
			productName = CarStat;
			productReference = 5BBE23D426EF9FDA00028774 /* CarStat.app */;
			productType = "com.apple.product-type.application";
		};
/* End PBXNativeTarget section */

/* Begin PBXProject section */
		5BBE23CC26EF9FDA00028774 /* Project object */ = {
			isa = PBXProject;
			attributes = {
				LastSwiftUpdateCheck = 1250;
				LastUpgradeCheck = 1250;
				TargetAttributes = {
					5BBE23D326EF9FDA00028774 = {
						CreatedOnToolsVersion = 12.5;
					};
				};
			};
			buildConfigurationList = 5BBE23CF26EF9FDA00028774 /* Build configuration list for PBXProject "CarStat" */;
			compatibilityVersion = "Xcode 9.3";
			developmentRegion = en;
			hasScannedForEncodings = 0;
			knownRegions = (
				en,
				Base,
			);
			mainGroup = 5BBE23CB26EF9FDA00028774;
			packageReferences = (
			);
			productRefGroup = 5BBE23D526EF9FDA00028774 /* Products */;
			projectDirPath = "";
			projectRoot = "";
			targets = (
				5BBE23D326EF9FDA00028774 /* CarStat */,
			);
		};
/* End PBXProject section */

/* Begin PBXResourcesBuildPhase section */
		5BBE23D226EF9FDA00028774 /* Resources */ = {
			isa = PBXResourcesBuildPhase;
			buildActionMask = 2147483647;
			files = (
				5BBE23E426EF9FDF00028774 /* LaunchScreen.storyboard in Resources */,
				5BBE23E126EF9FDF00028774 /* Assets.xcassets in Resources */,
			);
			runOnlyForDeploymentPostprocessing = 0;
		};
/* End PBXResourcesBuildPhase section */

/* Begin PBXShellScriptBuildPhase section */
		27B7398625C733D145AC072C /* [CP] Check Pods Manifest.lock */ = {
			isa = PBXShellScriptBuildPhase;
			buildActionMask = 2147483647;
			files = (
			);
			inputFileListPaths = (
			);
			inputPaths = (
				"${PODS_PODFILE_DIR_PATH}/Podfile.lock",
				"${PODS_ROOT}/Manifest.lock",
			);
			name = "[CP] Check Pods Manifest.lock";
			outputFileListPaths = (
			);
			outputPaths = (
				"$(DERIVED_FILE_DIR)/Pods-CarStat-checkManifestLockResult.txt",
			);
			runOnlyForDeploymentPostprocessing = 0;
			shellPath = /bin/sh;
			shellScript = "diff \"${PODS_PODFILE_DIR_PATH}/Podfile.lock\" \"${PODS_ROOT}/Manifest.lock\" > /dev/null\nif [ $? != 0 ] ; then\n    # print error to STDERR\n    echo \"error: The sandbox is not in sync with the Podfile.lock. Run 'pod install' or update your CocoaPods installation.\" >&2\n    exit 1\nfi\n# This output is used by Xcode 'outputs' to avoid re-running this script phase.\necho \"SUCCESS\" > \"${SCRIPT_OUTPUT_FILE_0}\"\n";
			showEnvVarsInLog = 0;
		};
		66DCECE91EE5AE637FA3B8D7 /* [CP] Embed Pods Frameworks */ = {
			isa = PBXShellScriptBuildPhase;
			buildActionMask = 2147483647;
			files = (
			);
			inputFileListPaths = (
				"${PODS_ROOT}/Target Support Files/Pods-CarStat/Pods-CarStat-frameworks-${CONFIGURATION}-input-files.xcfilelist",
			);
			name = "[CP] Embed Pods Frameworks";
			outputFileListPaths = (
				"${PODS_ROOT}/Target Support Files/Pods-CarStat/Pods-CarStat-frameworks-${CONFIGURATION}-output-files.xcfilelist",
			);
			runOnlyForDeploymentPostprocessing = 0;
			shellPath = /bin/sh;
			shellScript = "\"${PODS_ROOT}/Target Support Files/Pods-CarStat/Pods-CarStat-frameworks.sh\"\n";
			showEnvVarsInLog = 0;
		};
/* End PBXShellScriptBuildPhase section */

/* Begin PBXSourcesBuildPhase section */
		5BBE23D026EF9FDA00028774 /* Sources */ = {
			isa = PBXSourcesBuildPhase;
			buildActionMask = 2147483647;
			files = (
				5BF574F5281AB606001F7B4A /* Formatters.swift in Sources */,
				5BDF42D826F8A83C001CE585 /* CSTextCell.swift in Sources */,
				5BF574E928183D12001F7B4A /* CSEmptyCell.swift in Sources */,
				5B2AE63A2833AE010043249E /* ServicesViewController.swift in Sources */,
				5B2AE63E28343F480043249E /* Images.swift in Sources */,
				5B2AE63C2833AE0B0043249E /* ServicesViewModel.swift in Sources */,
				5B66F8B02849FF17009D987D /* BarCodeScannerViewModel.swift in Sources */,
				5B66F8AE2849FEFE009D987D /* BarCodeScannerViewController.swift in Sources */,
				5B89FC19282E425800D42378 /* RefuelingCell.swift in Sources */,
				5BDF42D326F8838C001CE585 /* AddMileageViewController.swift in Sources */,
				5BDF42DA26F8BBC5001CE585 /* CSInputCell.swift in Sources */,
				5BBE23D826EF9FDA00028774 /* AppDelegate.swift in Sources */,
				5B51EFC327A5462200CB42F5 /* HomeViewController.swift in Sources */,
				5BDF42DC26F8C27B001CE585 /* CSDateInputCell.swift in Sources */,
				5BF574E5281837F5001F7B4A /* Constants.swift in Sources */,
				5BD0CA8B26F46FE100433D06 /* RefuelingInfoCell.swift in Sources */,
				5BBE23F726F0CD1600028774 /* StorageManager.swift in Sources */,
				5BF574E1281834F5001F7B4A /* CSViewController.swift in Sources */,
				5BCB033A28328E810055E9F3 /* String + Extension.swift in Sources */,
				5BF574EB28183E29001F7B4A /* CSImageCell.swift in Sources */,
				5B89FC2228323A1E00D42378 /* UIView + Extensions.swift in Sources */,
				5BD0CA8D26F4702800433D06 /* CSCollectionViewCell.swift in Sources */,
				5B66F8B2284A065E009D987D /* CSPopUpViewController.swift in Sources */,
				5BD0CA9126F473F200433D06 /* UICollectionView + Extention.swift in Sources */,
				5BF574E328183556001F7B4A /* CSNavigationBar.swift in Sources */,
				5BDF42D626F883BD001CE585 /* AddMileageViewModel.swift in Sources */,
				5BF574E7281839BE001F7B4A /* UILabel + Extensions.swift in Sources */,
				5B66F8B7284A1848009D987D /* AlertManager.swift in Sources */,
				5BDF42CE26F87CF0001CE585 /* Mileage.swift in Sources */,
				5BDF42D026F87D77001CE585 /* UserMileage.swift in Sources */,
				5B89FC1B282E4DC800D42378 /* MileageCell.swift in Sources */,
				5BF574F3281AB55B001F7B4A /* Date + Extention.swift in Sources */,
				5B89FC242832526C00D42378 /* Colors.swift in Sources */,
				5B2AE647283632030043249E /* Router.swift in Sources */,
				5B7559652715AD0C000BCA55 /* CSChartCell.swift in Sources */,
				5BDD225C271DB3E500C8D413 /* CSTabBarController.swift in Sources */,
				5BBE23F226EFA88900028774 /* RefuelingViewController.swift in Sources */,
				5BD0CA9526F4820100433D06 /* CSButtonCell.swift in Sources */,
				5B2AE6D2283CDB2B0043249E /* CSDateSwitcher.swift in Sources */,
				5BBE240526F0DBED00028774 /* RefuelingViewModel.swift in Sources */,
				5BBE23ED26EFA50900028774 /* CSCollectionView.swift in Sources */,
				5B51EFC627A5465D00CB42F5 /* HomeViewModel.swift in Sources */,
			);
			runOnlyForDeploymentPostprocessing = 0;
		};
/* End PBXSourcesBuildPhase section */

/* Begin PBXVariantGroup section */
		5BBE23E226EF9FDF00028774 /* LaunchScreen.storyboard */ = {
			isa = PBXVariantGroup;
			children = (
				5BBE23E326EF9FDF00028774 /* Base */,
			);
			name = LaunchScreen.storyboard;
			sourceTree = "<group>";
		};
/* End PBXVariantGroup section */

/* Begin XCBuildConfiguration section */
		5BBE23E626EF9FDF00028774 /* Debug */ = {
			isa = XCBuildConfiguration;
			buildSettings = {
				ALWAYS_SEARCH_USER_PATHS = NO;
				CLANG_ANALYZER_NONNULL = YES;
				CLANG_ANALYZER_NUMBER_OBJECT_CONVERSION = YES_AGGRESSIVE;
				CLANG_CXX_LANGUAGE_STANDARD = "gnu++14";
				CLANG_CXX_LIBRARY = "libc++";
				CLANG_ENABLE_MODULES = YES;
				CLANG_ENABLE_OBJC_ARC = YES;
				CLANG_ENABLE_OBJC_WEAK = YES;
				CLANG_WARN_BLOCK_CAPTURE_AUTORELEASING = YES;
				CLANG_WARN_BOOL_CONVERSION = YES;
				CLANG_WARN_COMMA = YES;
				CLANG_WARN_CONSTANT_CONVERSION = YES;
				CLANG_WARN_DEPRECATED_OBJC_IMPLEMENTATIONS = YES;
				CLANG_WARN_DIRECT_OBJC_ISA_USAGE = YES_ERROR;
				CLANG_WARN_DOCUMENTATION_COMMENTS = YES;
				CLANG_WARN_EMPTY_BODY = YES;
				CLANG_WARN_ENUM_CONVERSION = YES;
				CLANG_WARN_INFINITE_RECURSION = YES;
				CLANG_WARN_INT_CONVERSION = YES;
				CLANG_WARN_NON_LITERAL_NULL_CONVERSION = YES;
				CLANG_WARN_OBJC_IMPLICIT_RETAIN_SELF = YES;
				CLANG_WARN_OBJC_LITERAL_CONVERSION = YES;
				CLANG_WARN_OBJC_ROOT_CLASS = YES_ERROR;
				CLANG_WARN_QUOTED_INCLUDE_IN_FRAMEWORK_HEADER = YES;
				CLANG_WARN_RANGE_LOOP_ANALYSIS = YES;
				CLANG_WARN_STRICT_PROTOTYPES = YES;
				CLANG_WARN_SUSPICIOUS_MOVE = YES;
				CLANG_WARN_UNGUARDED_AVAILABILITY = YES_AGGRESSIVE;
				CLANG_WARN_UNREACHABLE_CODE = YES;
				CLANG_WARN__DUPLICATE_METHOD_MATCH = YES;
				COPY_PHASE_STRIP = NO;
				DEBUG_INFORMATION_FORMAT = dwarf;
				ENABLE_STRICT_OBJC_MSGSEND = YES;
				ENABLE_TESTABILITY = YES;
				GCC_C_LANGUAGE_STANDARD = gnu11;
				GCC_DYNAMIC_NO_PIC = NO;
				GCC_NO_COMMON_BLOCKS = YES;
				GCC_OPTIMIZATION_LEVEL = 0;
				GCC_PREPROCESSOR_DEFINITIONS = (
					"DEBUG=1",
					"$(inherited)",
				);
				GCC_WARN_64_TO_32_BIT_CONVERSION = YES;
				GCC_WARN_ABOUT_RETURN_TYPE = YES_ERROR;
				GCC_WARN_UNDECLARED_SELECTOR = YES;
				GCC_WARN_UNINITIALIZED_AUTOS = YES_AGGRESSIVE;
				GCC_WARN_UNUSED_FUNCTION = YES;
				GCC_WARN_UNUSED_VARIABLE = YES;
				IPHONEOS_DEPLOYMENT_TARGET = 13.0;
				MTL_ENABLE_DEBUG_INFO = INCLUDE_SOURCE;
				MTL_FAST_MATH = YES;
				ONLY_ACTIVE_ARCH = YES;
				SDKROOT = iphoneos;
				SWIFT_ACTIVE_COMPILATION_CONDITIONS = DEBUG;
				SWIFT_OPTIMIZATION_LEVEL = "-Onone";
			};
			name = Debug;
		};
		5BBE23E726EF9FDF00028774 /* Release */ = {
			isa = XCBuildConfiguration;
			baseConfigurationReference = 36D06C7FD74003A403650685 /* Pods-CarStat.release.xcconfig */;
			buildSettings = {
				ALWAYS_SEARCH_USER_PATHS = NO;
				CLANG_ANALYZER_NONNULL = YES;
				CLANG_ANALYZER_NUMBER_OBJECT_CONVERSION = YES_AGGRESSIVE;
				CLANG_CXX_LANGUAGE_STANDARD = "gnu++14";
				CLANG_CXX_LIBRARY = "libc++";
				CLANG_ENABLE_MODULES = YES;
				CLANG_ENABLE_OBJC_ARC = YES;
				CLANG_ENABLE_OBJC_WEAK = YES;
				CLANG_WARN_BLOCK_CAPTURE_AUTORELEASING = YES;
				CLANG_WARN_BOOL_CONVERSION = YES;
				CLANG_WARN_COMMA = YES;
				CLANG_WARN_CONSTANT_CONVERSION = YES;
				CLANG_WARN_DEPRECATED_OBJC_IMPLEMENTATIONS = YES;
				CLANG_WARN_DIRECT_OBJC_ISA_USAGE = YES_ERROR;
				CLANG_WARN_DOCUMENTATION_COMMENTS = YES;
				CLANG_WARN_EMPTY_BODY = YES;
				CLANG_WARN_ENUM_CONVERSION = YES;
				CLANG_WARN_INFINITE_RECURSION = YES;
				CLANG_WARN_INT_CONVERSION = YES;
				CLANG_WARN_NON_LITERAL_NULL_CONVERSION = YES;
				CLANG_WARN_OBJC_IMPLICIT_RETAIN_SELF = YES;
				CLANG_WARN_OBJC_LITERAL_CONVERSION = YES;
				CLANG_WARN_OBJC_ROOT_CLASS = YES_ERROR;
				CLANG_WARN_QUOTED_INCLUDE_IN_FRAMEWORK_HEADER = YES;
				CLANG_WARN_RANGE_LOOP_ANALYSIS = YES;
				CLANG_WARN_STRICT_PROTOTYPES = YES;
				CLANG_WARN_SUSPICIOUS_MOVE = YES;
				CLANG_WARN_UNGUARDED_AVAILABILITY = YES_AGGRESSIVE;
				CLANG_WARN_UNREACHABLE_CODE = YES;
				CLANG_WARN__DUPLICATE_METHOD_MATCH = YES;
				COPY_PHASE_STRIP = NO;
				DEBUG_INFORMATION_FORMAT = "dwarf-with-dsym";
				ENABLE_NS_ASSERTIONS = NO;
				ENABLE_STRICT_OBJC_MSGSEND = YES;
				GCC_C_LANGUAGE_STANDARD = gnu11;
				GCC_NO_COMMON_BLOCKS = YES;
				GCC_WARN_64_TO_32_BIT_CONVERSION = YES;
				GCC_WARN_ABOUT_RETURN_TYPE = YES_ERROR;
				GCC_WARN_UNDECLARED_SELECTOR = YES;
				GCC_WARN_UNINITIALIZED_AUTOS = YES_AGGRESSIVE;
				GCC_WARN_UNUSED_FUNCTION = YES;
				GCC_WARN_UNUSED_VARIABLE = YES;
				IPHONEOS_DEPLOYMENT_TARGET = 13.0;
				MTL_ENABLE_DEBUG_INFO = NO;
				MTL_FAST_MATH = YES;
				ONLY_ACTIVE_ARCH = YES;
				SDKROOT = iphoneos;
				SWIFT_COMPILATION_MODE = wholemodule;
				SWIFT_OPTIMIZATION_LEVEL = "-O";
				VALIDATE_PRODUCT = YES;
			};
			name = Release;
		};
		5BBE23E926EF9FDF00028774 /* Debug */ = {
			isa = XCBuildConfiguration;
			baseConfigurationReference = F64ECE125FCF3FA582240B43 /* Pods-CarStat.debug.xcconfig */;
			buildSettings = {
				ASSETCATALOG_COMPILER_APPICON_NAME = AppIcon;
				ASSETCATALOG_COMPILER_GLOBAL_ACCENT_COLOR_NAME = AccentColor;
				CODE_SIGN_IDENTITY = "Apple Development";
				CODE_SIGN_STYLE = Automatic;
				DEVELOPMENT_TEAM = 4694MUZBLD;
				INFOPLIST_FILE = "CarStat/Supporting Files/Info.plist";
				LD_RUNPATH_SEARCH_PATHS = (
					"$(inherited)",
					"@executable_path/Frameworks",
				);
				PRODUCT_BUNDLE_IDENTIFIER = ml.alexmir.CarStat;
				PRODUCT_NAME = "$(TARGET_NAME)";
				PROVISIONING_PROFILE_SPECIFIER = "";
				SWIFT_VERSION = 5.0;
				TARGETED_DEVICE_FAMILY = 1;
			};
			name = Debug;
		};
		5BBE23EA26EF9FDF00028774 /* Release */ = {
			isa = XCBuildConfiguration;
			baseConfigurationReference = 36D06C7FD74003A403650685 /* Pods-CarStat.release.xcconfig */;
			buildSettings = {
				ASSETCATALOG_COMPILER_APPICON_NAME = AppIcon;
				ASSETCATALOG_COMPILER_GLOBAL_ACCENT_COLOR_NAME = AccentColor;
				CODE_SIGN_IDENTITY = "Apple Development";
				CODE_SIGN_STYLE = Automatic;
				DEVELOPMENT_TEAM = 4694MUZBLD;
				INFOPLIST_FILE = "CarStat/Supporting Files/Info.plist";
				LD_RUNPATH_SEARCH_PATHS = (
					"$(inherited)",
					"@executable_path/Frameworks",
				);
				PRODUCT_BUNDLE_IDENTIFIER = ml.alexmir.CarStat;
				PRODUCT_NAME = "$(TARGET_NAME)";
				PROVISIONING_PROFILE_SPECIFIER = "";
				SWIFT_VERSION = 5.0;
				TARGETED_DEVICE_FAMILY = 1;
			};
			name = Release;
		};
/* End XCBuildConfiguration section */

/* Begin XCConfigurationList section */
		5BBE23CF26EF9FDA00028774 /* Build configuration list for PBXProject "CarStat" */ = {
			isa = XCConfigurationList;
			buildConfigurations = (
				5BBE23E626EF9FDF00028774 /* Debug */,
				5BBE23E726EF9FDF00028774 /* Release */,
			);
			defaultConfigurationIsVisible = 0;
			defaultConfigurationName = Release;
		};
		5BBE23E826EF9FDF00028774 /* Build configuration list for PBXNativeTarget "CarStat" */ = {
			isa = XCConfigurationList;
			buildConfigurations = (
				5BBE23E926EF9FDF00028774 /* Debug */,
				5BBE23EA26EF9FDF00028774 /* Release */,
			);
			defaultConfigurationIsVisible = 0;
			defaultConfigurationName = Release;
		};
/* End XCConfigurationList section */
	};
	rootObject = 5BBE23CC26EF9FDA00028774 /* Project object */;
}
